
Microsoft Visual Studio Solution File, Format Version 12.00
# Visual Studio Version 16
VisualStudioVersion = 16.0.29613.14
MinimumVisualStudioVersion = 10.0.40219.1
Project("{FAE04EC0-301F-11D3-BF4B-00C04F79EFBC}") = "TestDiscordAPI", "TestDiscordAPI\TestDiscordAPI.csproj", "{A0E63BC0-2653-4FBC-A5E4-72164BD9087C}"
EndProject
Global
	GlobalSection(SolutionConfigurationPlatforms) = preSolution
		Debug|Any CPU = Debug|Any CPU
		Release|Any CPU = Release|Any CPU
	EndGlobalSection
	GlobalSection(ProjectConfigurationPlatforms) = postSolution
		{A0E63BC0-2653-4FBC-A5E4-72164BD9087C}.Debug|Any CPU.ActiveCfg = Debug|Any CPU
		{A0E63BC0-2653-4FBC-A5E4-72164BD9087C}.Debug|Any CPU.Build.0 = Debug|Any CPU
		{A0E63BC0-2653-4FBC-A5E4-72164BD9087C}.Release|Any CPU.ActiveCfg = Release|Any CPU
		{A0E63BC0-2653-4FBC-A5E4-72164BD9087C}.Release|Any CPU.Build.0 = Release|Any CPU
	EndGlobalSection
	GlobalSection(SolutionProperties) = preSolution
		HideSolutionNode = FALSE
	EndGlobalSection
	GlobalSection(ExtensibilityGlobals) = postSolution
		SolutionGuid = {B3BBF53F-D8C1-4CFA-B083-888FBC322BD0}
	EndGlobalSection
EndGlobal
