
Microsoft Visual Studio Solution File, Format Version 12.00
# Visual Studio Version 16
VisualStudioVersion = 16.0.29509.3
MinimumVisualStudioVersion = 10.0.40219.1
Project("{FAE04EC0-301F-11D3-BF4B-00C04F79EFBC}") = "Area", "Area\Area.csproj", "{C7187881-547F-40CA-8660-6B40DE3B3CC4}"
EndProject
Global
	GlobalSection(SolutionConfigurationPlatforms) = preSolution
		Debug|Any CPU = Debug|Any CPU
		Release|Any CPU = Release|Any CPU
	EndGlobalSection
	GlobalSection(ProjectConfigurationPlatforms) = postSolution
		{C7187881-547F-40CA-8660-6B40DE3B3CC4}.Debug|Any CPU.ActiveCfg = Debug|Any CPU
		{C7187881-547F-40CA-8660-6B40DE3B3CC4}.Debug|Any CPU.Build.0 = Debug|Any CPU
		{C7187881-547F-40CA-8660-6B40DE3B3CC4}.Release|Any CPU.ActiveCfg = Release|Any CPU
		{C7187881-547F-40CA-8660-6B40DE3B3CC4}.Release|Any CPU.Build.0 = Release|Any CPU
	EndGlobalSection
	GlobalSection(SolutionProperties) = preSolution
		HideSolutionNode = FALSE
	EndGlobalSection
	GlobalSection(ExtensibilityGlobals) = postSolution
		SolutionGuid = {C7719219-A503-4F9B-A0C9-08FCCD1C9A2E}
	EndGlobalSection
EndGlobal
